// !$*UTF8*$!
{
	archiveVersion = 1;
	classes = {
	};
	objectVersion = 50;
	objects = {

/* Begin PBXBuildFile section */
		2520DD612694AB3300E6E8CF /* MovieCollectionViewCell.swift in Sources */ = {isa = PBXBuildFile; fileRef = 2520DD5F2694AB3300E6E8CF /* MovieCollectionViewCell.swift */; };
		2520DD622694AB3300E6E8CF /* MovieCollectionViewCell.xib in Resources */ = {isa = PBXBuildFile; fileRef = 2520DD602694AB3300E6E8CF /* MovieCollectionViewCell.xib */; };
		2520DD682694AD2300E6E8CF /* MovieCollectionViewAdapter.swift in Sources */ = {isa = PBXBuildFile; fileRef = 2520DD672694AD2300E6E8CF /* MovieCollectionViewAdapter.swift */; };
		2520DD7C2694B35C00E6E8CF /* UICollectionViewCellExtensions.swift in Sources */ = {isa = PBXBuildFile; fileRef = 2520DD7B2694B35C00E6E8CF /* UICollectionViewCellExtensions.swift */; };
		2520DDA72694D52500E6E8CF /* MovieResponseModel.swift in Sources */ = {isa = PBXBuildFile; fileRef = 2520DDA62694D52500E6E8CF /* MovieResponseModel.swift */; };
		2520DDC22694F29700E6E8CF /* RequestModel.swift in Sources */ = {isa = PBXBuildFile; fileRef = 2520DDC12694F29700E6E8CF /* RequestModel.swift */; };
		2520DDCF2694F3F400E6E8CF /* NetworkRequestMain.swift in Sources */ = {isa = PBXBuildFile; fileRef = 2520DDCE2694F3F400E6E8CF /* NetworkRequestMain.swift */; };
		258D6B1826957D8C00368CC4 /* MovieListViewModel.swift in Sources */ = {isa = PBXBuildFile; fileRef = 258D6B1726957D8C00368CC4 /* MovieListViewModel.swift */; };
		258D6B202695A92000368CC4 /* UIImageViewExtensions.swift in Sources */ = {isa = PBXBuildFile; fileRef = 258D6B1F2695A92000368CC4 /* UIImageViewExtensions.swift */; };
		258D6B2A2695FF8600368CC4 /* MovieDetailViewController.swift in Sources */ = {isa = PBXBuildFile; fileRef = 258D6B282695FF8500368CC4 /* MovieDetailViewController.swift */; };
		258D6B2B2695FF8600368CC4 /* MovieDetailViewController.xib in Resources */ = {isa = PBXBuildFile; fileRef = 258D6B292695FF8500368CC4 /* MovieDetailViewController.xib */; };
		258D6B332695FF9500368CC4 /* MovieDetailViewModel.swift in Sources */ = {isa = PBXBuildFile; fileRef = 258D6B322695FF9500368CC4 /* MovieDetailViewModel.swift */; };
		258D6B54269615E000368CC4 /* MovieListResponseModel.swift in Sources */ = {isa = PBXBuildFile; fileRef = 258D6B53269615E000368CC4 /* MovieListResponseModel.swift */; };
		25C774B926949B6E000CBA78 /* AppDelegate.swift in Sources */ = {isa = PBXBuildFile; fileRef = 25C774B826949B6E000CBA78 /* AppDelegate.swift */; };
		25C774BB26949B6E000CBA78 /* SceneDelegate.swift in Sources */ = {isa = PBXBuildFile; fileRef = 25C774BA26949B6E000CBA78 /* SceneDelegate.swift */; };
		25C774C026949B6E000CBA78 /* Main.storyboard in Resources */ = {isa = PBXBuildFile; fileRef = 25C774BE26949B6E000CBA78 /* Main.storyboard */; };
		25C774C226949B72000CBA78 /* Assets.xcassets in Resources */ = {isa = PBXBuildFile; fileRef = 25C774C126949B72000CBA78 /* Assets.xcassets */; };
		25C774C526949B72000CBA78 /* LaunchScreen.storyboard in Resources */ = {isa = PBXBuildFile; fileRef = 25C774C326949B72000CBA78 /* LaunchScreen.storyboard */; };
		25C774D026949B73000CBA78 /* MovieAppTests.swift in Sources */ = {isa = PBXBuildFile; fileRef = 25C774CF26949B73000CBA78 /* MovieAppTests.swift */; };
		25C774DB26949B73000CBA78 /* MovieAppUITests.swift in Sources */ = {isa = PBXBuildFile; fileRef = 25C774DA26949B73000CBA78 /* MovieAppUITests.swift */; };
		25C7752F2694A4BA000CBA78 /* MovieListViewController.swift in Sources */ = {isa = PBXBuildFile; fileRef = 25C7752D2694A4BA000CBA78 /* MovieListViewController.swift */; };
/* End PBXBuildFile section */

/* Begin PBXContainerItemProxy section */
		25C774CC26949B73000CBA78 /* PBXContainerItemProxy */ = {
			isa = PBXContainerItemProxy;
			containerPortal = 25C774AD26949B6E000CBA78 /* Project object */;
			proxyType = 1;
			remoteGlobalIDString = 25C774B426949B6E000CBA78;
			remoteInfo = MovieApp;
		};
		25C774D726949B73000CBA78 /* PBXContainerItemProxy */ = {
			isa = PBXContainerItemProxy;
			containerPortal = 25C774AD26949B6E000CBA78 /* Project object */;
			proxyType = 1;
			remoteGlobalIDString = 25C774B426949B6E000CBA78;
			remoteInfo = MovieApp;
		};
/* End PBXContainerItemProxy section */

/* Begin PBXFileReference section */
		2520DD5F2694AB3300E6E8CF /* MovieCollectionViewCell.swift */ = {isa = PBXFileReference; lastKnownFileType = sourcecode.swift; path = MovieCollectionViewCell.swift; sourceTree = "<group>"; };
		2520DD602694AB3300E6E8CF /* MovieCollectionViewCell.xib */ = {isa = PBXFileReference; lastKnownFileType = file.xib; path = MovieCollectionViewCell.xib; sourceTree = "<group>"; };
		2520DD672694AD2300E6E8CF /* MovieCollectionViewAdapter.swift */ = {isa = PBXFileReference; lastKnownFileType = sourcecode.swift; path = MovieCollectionViewAdapter.swift; sourceTree = "<group>"; };
		2520DD7B2694B35C00E6E8CF /* UICollectionViewCellExtensions.swift */ = {isa = PBXFileReference; lastKnownFileType = sourcecode.swift; path = UICollectionViewCellExtensions.swift; sourceTree = "<group>"; };
		2520DDA62694D52500E6E8CF /* MovieResponseModel.swift */ = {isa = PBXFileReference; lastKnownFileType = sourcecode.swift; path = MovieResponseModel.swift; sourceTree = "<group>"; };
		2520DDC12694F29700E6E8CF /* RequestModel.swift */ = {isa = PBXFileReference; lastKnownFileType = sourcecode.swift; path = RequestModel.swift; sourceTree = "<group>"; };
		2520DDCE2694F3F400E6E8CF /* NetworkRequestMain.swift */ = {isa = PBXFileReference; lastKnownFileType = sourcecode.swift; path = NetworkRequestMain.swift; sourceTree = "<group>"; };
		258D6B1726957D8C00368CC4 /* MovieListViewModel.swift */ = {isa = PBXFileReference; lastKnownFileType = sourcecode.swift; path = MovieListViewModel.swift; sourceTree = "<group>"; };
		258D6B1F2695A92000368CC4 /* UIImageViewExtensions.swift */ = {isa = PBXFileReference; lastKnownFileType = sourcecode.swift; path = UIImageViewExtensions.swift; sourceTree = "<group>"; };
		258D6B282695FF8500368CC4 /* MovieDetailViewController.swift */ = {isa = PBXFileReference; lastKnownFileType = sourcecode.swift; path = MovieDetailViewController.swift; sourceTree = "<group>"; };
		258D6B292695FF8500368CC4 /* MovieDetailViewController.xib */ = {isa = PBXFileReference; lastKnownFileType = file.xib; path = MovieDetailViewController.xib; sourceTree = "<group>"; };
		258D6B322695FF9500368CC4 /* MovieDetailViewModel.swift */ = {isa = PBXFileReference; lastKnownFileType = sourcecode.swift; path = MovieDetailViewModel.swift; sourceTree = "<group>"; };
		258D6B53269615E000368CC4 /* MovieListResponseModel.swift */ = {isa = PBXFileReference; lastKnownFileType = sourcecode.swift; path = MovieListResponseModel.swift; sourceTree = "<group>"; };
		25C774B526949B6E000CBA78 /* MovieApp.app */ = {isa = PBXFileReference; explicitFileType = wrapper.application; includeInIndex = 0; path = MovieApp.app; sourceTree = BUILT_PRODUCTS_DIR; };
		25C774B826949B6E000CBA78 /* AppDelegate.swift */ = {isa = PBXFileReference; lastKnownFileType = sourcecode.swift; path = AppDelegate.swift; sourceTree = "<group>"; };
		25C774BA26949B6E000CBA78 /* SceneDelegate.swift */ = {isa = PBXFileReference; lastKnownFileType = sourcecode.swift; path = SceneDelegate.swift; sourceTree = "<group>"; };
		25C774BF26949B6E000CBA78 /* Base */ = {isa = PBXFileReference; lastKnownFileType = file.storyboard; name = Base; path = Base.lproj/Main.storyboard; sourceTree = "<group>"; };
		25C774C126949B72000CBA78 /* Assets.xcassets */ = {isa = PBXFileReference; lastKnownFileType = folder.assetcatalog; path = Assets.xcassets; sourceTree = "<group>"; };
		25C774C426949B72000CBA78 /* Base */ = {isa = PBXFileReference; lastKnownFileType = file.storyboard; name = Base; path = Base.lproj/LaunchScreen.storyboard; sourceTree = "<group>"; };
		25C774C626949B72000CBA78 /* Info.plist */ = {isa = PBXFileReference; lastKnownFileType = text.plist.xml; path = Info.plist; sourceTree = "<group>"; };
		25C774CB26949B73000CBA78 /* MovieAppTests.xctest */ = {isa = PBXFileReference; explicitFileType = wrapper.cfbundle; includeInIndex = 0; path = MovieAppTests.xctest; sourceTree = BUILT_PRODUCTS_DIR; };
		25C774CF26949B73000CBA78 /* MovieAppTests.swift */ = {isa = PBXFileReference; lastKnownFileType = sourcecode.swift; path = MovieAppTests.swift; sourceTree = "<group>"; };
		25C774D126949B73000CBA78 /* Info.plist */ = {isa = PBXFileReference; lastKnownFileType = text.plist.xml; path = Info.plist; sourceTree = "<group>"; };
		25C774D626949B73000CBA78 /* MovieAppUITests.xctest */ = {isa = PBXFileReference; explicitFileType = wrapper.cfbundle; includeInIndex = 0; path = MovieAppUITests.xctest; sourceTree = BUILT_PRODUCTS_DIR; };
		25C774DA26949B73000CBA78 /* MovieAppUITests.swift */ = {isa = PBXFileReference; lastKnownFileType = sourcecode.swift; path = MovieAppUITests.swift; sourceTree = "<group>"; };
		25C774DC26949B73000CBA78 /* Info.plist */ = {isa = PBXFileReference; lastKnownFileType = text.plist.xml; path = Info.plist; sourceTree = "<group>"; };
		25C7752D2694A4BA000CBA78 /* MovieListViewController.swift */ = {isa = PBXFileReference; lastKnownFileType = sourcecode.swift; path = MovieListViewController.swift; sourceTree = "<group>"; };
/* End PBXFileReference section */

/* Begin PBXFrameworksBuildPhase section */
		25C774B226949B6E000CBA78 /* Frameworks */ = {
			isa = PBXFrameworksBuildPhase;
			buildActionMask = 2147483647;
			files = (
			);
			runOnlyForDeploymentPostprocessing = 0;
		};
		25C774C826949B73000CBA78 /* Frameworks */ = {
			isa = PBXFrameworksBuildPhase;
			buildActionMask = 2147483647;
			files = (
			);
			runOnlyForDeploymentPostprocessing = 0;
		};
		25C774D326949B73000CBA78 /* Frameworks */ = {
			isa = PBXFrameworksBuildPhase;
			buildActionMask = 2147483647;
			files = (
			);
			runOnlyForDeploymentPostprocessing = 0;
		};
/* End PBXFrameworksBuildPhase section */

/* Begin PBXGroup section */
		2520DD5B2694A96200E6E8CF /* Scenes */ = {
			isa = PBXGroup;
			children = (
				258D6B272695FF5F00368CC4 /* MovieDetail */,
				2520DD832694BB2800E6E8CF /* MovieList */,
			);
			path = Scenes;
			sourceTree = "<group>";
		};
		2520DD662694AD0500E6E8CF /* MovieCollectionViewAdapter */ = {
			isa = PBXGroup;
			children = (
				2520DD672694AD2300E6E8CF /* MovieCollectionViewAdapter.swift */,
				2520DD5F2694AB3300E6E8CF /* MovieCollectionViewCell.swift */,
				2520DD602694AB3300E6E8CF /* MovieCollectionViewCell.xib */,
			);
			path = MovieCollectionViewAdapter;
			sourceTree = "<group>";
		};
		2520DD722694B31500E6E8CF /* Extensions */ = {
			isa = PBXGroup;
			children = (
				2520DD7B2694B35C00E6E8CF /* UICollectionViewCellExtensions.swift */,
				258D6B1F2695A92000368CC4 /* UIImageViewExtensions.swift */,
			);
			path = Extensions;
			sourceTree = "<group>";
		};
		2520DD832694BB2800E6E8CF /* MovieList */ = {
			isa = PBXGroup;
			children = (
				25C774BE26949B6E000CBA78 /* Main.storyboard */,
				25C7752D2694A4BA000CBA78 /* MovieListViewController.swift */,
				258D6B1726957D8C00368CC4 /* MovieListViewModel.swift */,
				2520DD662694AD0500E6E8CF /* MovieCollectionViewAdapter */,
			);
			path = MovieList;
			sourceTree = "<group>";
		};
		2520DD882694BEEB00E6E8CF /* Network */ = {
			isa = PBXGroup;
			children = (
				2520DDC02694F28600E6E8CF /* Models */,
				2520DDCE2694F3F400E6E8CF /* NetworkRequestMain.swift */,
			);
			path = Network;
			sourceTree = "<group>";
		};
		2520DDC02694F28600E6E8CF /* Models */ = {
			isa = PBXGroup;
			children = (
				25CD2A0B2697846E00FBEA79 /* Response */,
				25CD2A0A2697845C00FBEA79 /* Request */,
			);
			path = Models;
			sourceTree = "<group>";
		};
		258D6B272695FF5F00368CC4 /* MovieDetail */ = {
			isa = PBXGroup;
			children = (
				258D6B282695FF8500368CC4 /* MovieDetailViewController.swift */,
				258D6B292695FF8500368CC4 /* MovieDetailViewController.xib */,
				258D6B322695FF9500368CC4 /* MovieDetailViewModel.swift */,
			);
			path = MovieDetail;
			sourceTree = "<group>";
		};
		25C774AC26949B6E000CBA78 = {
			isa = PBXGroup;
			children = (
				25C774B726949B6E000CBA78 /* MovieApp */,
				25C774CE26949B73000CBA78 /* MovieAppTests */,
				25C774D926949B73000CBA78 /* MovieAppUITests */,
				25C774B626949B6E000CBA78 /* Products */,
			);
			sourceTree = "<group>";
		};
		25C774B626949B6E000CBA78 /* Products */ = {
			isa = PBXGroup;
			children = (
				25C774B526949B6E000CBA78 /* MovieApp.app */,
				25C774CB26949B73000CBA78 /* MovieAppTests.xctest */,
				25C774D626949B73000CBA78 /* MovieAppUITests.xctest */,
			);
			name = Products;
			sourceTree = "<group>";
		};
		25C774B726949B6E000CBA78 /* MovieApp */ = {
			isa = PBXGroup;
			children = (
				2520DD882694BEEB00E6E8CF /* Network */,
				2520DD722694B31500E6E8CF /* Extensions */,
				2520DD5B2694A96200E6E8CF /* Scenes */,
				25C774B826949B6E000CBA78 /* AppDelegate.swift */,
				25C774BA26949B6E000CBA78 /* SceneDelegate.swift */,
				25C774C126949B72000CBA78 /* Assets.xcassets */,
				25C774C326949B72000CBA78 /* LaunchScreen.storyboard */,
				25C774C626949B72000CBA78 /* Info.plist */,
			);
			path = MovieApp;
			sourceTree = "<group>";
		};
		25C774CE26949B73000CBA78 /* MovieAppTests */ = {
			isa = PBXGroup;
			children = (
				25C774CF26949B73000CBA78 /* MovieAppTests.swift */,
				25C774D126949B73000CBA78 /* Info.plist */,
			);
			path = MovieAppTests;
			sourceTree = "<group>";
		};
		25C774D926949B73000CBA78 /* MovieAppUITests */ = {
			isa = PBXGroup;
			children = (
				25C774DA26949B73000CBA78 /* MovieAppUITests.swift */,
				25C774DC26949B73000CBA78 /* Info.plist */,
			);
			path = MovieAppUITests;
			sourceTree = "<group>";
		};
		25CD2A0A2697845C00FBEA79 /* Request */ = {
			isa = PBXGroup;
			children = (
				2520DDC12694F29700E6E8CF /* RequestModel.swift */,
			);
			path = Request;
			sourceTree = "<group>";
		};
		25CD2A0B2697846E00FBEA79 /* Response */ = {
			isa = PBXGroup;
			children = (
				258D6B53269615E000368CC4 /* MovieListResponseModel.swift */,
				2520DDA62694D52500E6E8CF /* MovieResponseModel.swift */,
			);
			path = Response;
			sourceTree = "<group>";
		};
/* End PBXGroup section */

/* Begin PBXNativeTarget section */
		25C774B426949B6E000CBA78 /* MovieApp */ = {
			isa = PBXNativeTarget;
			buildConfigurationList = 25C774DF26949B73000CBA78 /* Build configuration list for PBXNativeTarget "MovieApp" */;
			buildPhases = (
				25C774B126949B6E000CBA78 /* Sources */,
				25C774B226949B6E000CBA78 /* Frameworks */,
				25C774B326949B6E000CBA78 /* Resources */,
			);
			buildRules = (
			);
			dependencies = (
			);
			name = MovieApp;
			productName = MovieApp;
			productReference = 25C774B526949B6E000CBA78 /* MovieApp.app */;
			productType = "com.apple.product-type.application";
		};
		25C774CA26949B73000CBA78 /* MovieAppTests */ = {
			isa = PBXNativeTarget;
			buildConfigurationList = 25C774E226949B73000CBA78 /* Build configuration list for PBXNativeTarget "MovieAppTests" */;
			buildPhases = (
				25C774C726949B73000CBA78 /* Sources */,
				25C774C826949B73000CBA78 /* Frameworks */,
				25C774C926949B73000CBA78 /* Resources */,
			);
			buildRules = (
			);
			dependencies = (
				25C774CD26949B73000CBA78 /* PBXTargetDependency */,
			);
			name = MovieAppTests;
			productName = MovieAppTests;
			productReference = 25C774CB26949B73000CBA78 /* MovieAppTests.xctest */;
			productType = "com.apple.product-type.bundle.unit-test";
		};
		25C774D526949B73000CBA78 /* MovieAppUITests */ = {
			isa = PBXNativeTarget;
			buildConfigurationList = 25C774E526949B73000CBA78 /* Build configuration list for PBXNativeTarget "MovieAppUITests" */;
			buildPhases = (
				25C774D226949B73000CBA78 /* Sources */,
				25C774D326949B73000CBA78 /* Frameworks */,
				25C774D426949B73000CBA78 /* Resources */,
			);
			buildRules = (
			);
			dependencies = (
				25C774D826949B73000CBA78 /* PBXTargetDependency */,
			);
			name = MovieAppUITests;
			productName = MovieAppUITests;
			productReference = 25C774D626949B73000CBA78 /* MovieAppUITests.xctest */;
			productType = "com.apple.product-type.bundle.ui-testing";
		};
/* End PBXNativeTarget section */

/* Begin PBXProject section */
		25C774AD26949B6E000CBA78 /* Project object */ = {
			isa = PBXProject;
			attributes = {
				LastSwiftUpdateCheck = 1240;
				LastUpgradeCheck = 1240;
				TargetAttributes = {
					25C774B426949B6E000CBA78 = {
						CreatedOnToolsVersion = 12.4;
					};
					25C774CA26949B73000CBA78 = {
						CreatedOnToolsVersion = 12.4;
						TestTargetID = 25C774B426949B6E000CBA78;
					};
					25C774D526949B73000CBA78 = {
						CreatedOnToolsVersion = 12.4;
						TestTargetID = 25C774B426949B6E000CBA78;
					};
				};
			};
			buildConfigurationList = 25C774B026949B6E000CBA78 /* Build configuration list for PBXProject "MovieApp" */;
			compatibilityVersion = "Xcode 9.3";
			developmentRegion = en;
			hasScannedForEncodings = 0;
			knownRegions = (
				en,
				Base,
			);
			mainGroup = 25C774AC26949B6E000CBA78;
			productRefGroup = 25C774B626949B6E000CBA78 /* Products */;
			projectDirPath = "";
			projectRoot = "";
			targets = (
				25C774B426949B6E000CBA78 /* MovieApp */,
				25C774CA26949B73000CBA78 /* MovieAppTests */,
				25C774D526949B73000CBA78 /* MovieAppUITests */,
			);
		};
/* End PBXProject section */

/* Begin PBXResourcesBuildPhase section */
		25C774B326949B6E000CBA78 /* Resources */ = {
			isa = PBXResourcesBuildPhase;
			buildActionMask = 2147483647;
			files = (
				258D6B2B2695FF8600368CC4 /* MovieDetailViewController.xib in Resources */,
				25C774C526949B72000CBA78 /* LaunchScreen.storyboard in Resources */,
				25C774C226949B72000CBA78 /* Assets.xcassets in Resources */,
				25C774C026949B6E000CBA78 /* Main.storyboard in Resources */,
				2520DD622694AB3300E6E8CF /* MovieCollectionViewCell.xib in Resources */,
			);
			runOnlyForDeploymentPostprocessing = 0;
		};
		25C774C926949B73000CBA78 /* Resources */ = {
			isa = PBXResourcesBuildPhase;
			buildActionMask = 2147483647;
			files = (
			);
			runOnlyForDeploymentPostprocessing = 0;
		};
		25C774D426949B73000CBA78 /* Resources */ = {
			isa = PBXResourcesBuildPhase;
			buildActionMask = 2147483647;
			files = (
			);
			runOnlyForDeploymentPostprocessing = 0;
		};
/* End PBXResourcesBuildPhase section */

/* Begin PBXSourcesBuildPhase section */
		25C774B126949B6E000CBA78 /* Sources */ = {
			isa = PBXSourcesBuildPhase;
			buildActionMask = 2147483647;
			files = (
				25C7752F2694A4BA000CBA78 /* MovieListViewController.swift in Sources */,
				2520DDA72694D52500E6E8CF /* MovieResponseModel.swift in Sources */,
				2520DDC22694F29700E6E8CF /* RequestModel.swift in Sources */,
				2520DDCF2694F3F400E6E8CF /* NetworkRequestMain.swift in Sources */,
				258D6B54269615E000368CC4 /* MovieListResponseModel.swift in Sources */,
				258D6B2A2695FF8600368CC4 /* MovieDetailViewController.swift in Sources */,
				258D6B332695FF9500368CC4 /* MovieDetailViewModel.swift in Sources */,
				25C774B926949B6E000CBA78 /* AppDelegate.swift in Sources */,
				258D6B1826957D8C00368CC4 /* MovieListViewModel.swift in Sources */,
				2520DD7C2694B35C00E6E8CF /* UICollectionViewCellExtensions.swift in Sources */,
				25C774BB26949B6E000CBA78 /* SceneDelegate.swift in Sources */,
				2520DD682694AD2300E6E8CF /* MovieCollectionViewAdapter.swift in Sources */,
				258D6B202695A92000368CC4 /* UIImageViewExtensions.swift in Sources */,
				2520DD612694AB3300E6E8CF /* MovieCollectionViewCell.swift in Sources */,
			);
			runOnlyForDeploymentPostprocessing = 0;
		};
		25C774C726949B73000CBA78 /* Sources */ = {
			isa = PBXSourcesBuildPhase;
			buildActionMask = 2147483647;
			files = (
				25C774D026949B73000CBA78 /* MovieAppTests.swift in Sources */,
			);
			runOnlyForDeploymentPostprocessing = 0;
		};
		25C774D226949B73000CBA78 /* Sources */ = {
			isa = PBXSourcesBuildPhase;
			buildActionMask = 2147483647;
			files = (
				25C774DB26949B73000CBA78 /* MovieAppUITests.swift in Sources */,
			);
			runOnlyForDeploymentPostprocessing = 0;
		};
/* End PBXSourcesBuildPhase section */

/* Begin PBXTargetDependency section */
		25C774CD26949B73000CBA78 /* PBXTargetDependency */ = {
			isa = PBXTargetDependency;
			target = 25C774B426949B6E000CBA78 /* MovieApp */;
			targetProxy = 25C774CC26949B73000CBA78 /* PBXContainerItemProxy */;
		};
		25C774D826949B73000CBA78 /* PBXTargetDependency */ = {
			isa = PBXTargetDependency;
			target = 25C774B426949B6E000CBA78 /* MovieApp */;
			targetProxy = 25C774D726949B73000CBA78 /* PBXContainerItemProxy */;
		};
/* End PBXTargetDependency section */

/* Begin PBXVariantGroup section */
		25C774BE26949B6E000CBA78 /* Main.storyboard */ = {
			isa = PBXVariantGroup;
			children = (
				25C774BF26949B6E000CBA78 /* Base */,
			);
			name = Main.storyboard;
			sourceTree = "<group>";
		};
		25C774C326949B72000CBA78 /* LaunchScreen.storyboard */ = {
			isa = PBXVariantGroup;
			children = (
				25C774C426949B72000CBA78 /* Base */,
			);
			name = LaunchScreen.storyboard;
			sourceTree = "<group>";
		};
/* End PBXVariantGroup section */

/* Begin XCBuildConfiguration section */
		25C774DD26949B73000CBA78 /* Debug */ = {
			isa = XCBuildConfiguration;
			buildSettings = {
				ALWAYS_SEARCH_USER_PATHS = NO;
				CLANG_ANALYZER_NONNULL = YES;
				CLANG_ANALYZER_NUMBER_OBJECT_CONVERSION = YES_AGGRESSIVE;
				CLANG_CXX_LANGUAGE_STANDARD = "gnu++14";
				CLANG_CXX_LIBRARY = "libc++";
				CLANG_ENABLE_MODULES = YES;
				CLANG_ENABLE_OBJC_ARC = YES;
				CLANG_ENABLE_OBJC_WEAK = YES;
				CLANG_WARN_BLOCK_CAPTURE_AUTORELEASING = YES;
				CLANG_WARN_BOOL_CONVERSION = YES;
				CLANG_WARN_COMMA = YES;
				CLANG_WARN_CONSTANT_CONVERSION = YES;
				CLANG_WARN_DEPRECATED_OBJC_IMPLEMENTATIONS = YES;
				CLANG_WARN_DIRECT_OBJC_ISA_USAGE = YES_ERROR;
				CLANG_WARN_DOCUMENTATION_COMMENTS = YES;
				CLANG_WARN_EMPTY_BODY = YES;
				CLANG_WARN_ENUM_CONVERSION = YES;
				CLANG_WARN_INFINITE_RECURSION = YES;
				CLANG_WARN_INT_CONVERSION = YES;
				CLANG_WARN_NON_LITERAL_NULL_CONVERSION = YES;
				CLANG_WARN_OBJC_IMPLICIT_RETAIN_SELF = YES;
				CLANG_WARN_OBJC_LITERAL_CONVERSION = YES;
				CLANG_WARN_OBJC_ROOT_CLASS = YES_ERROR;
				CLANG_WARN_QUOTED_INCLUDE_IN_FRAMEWORK_HEADER = YES;
				CLANG_WARN_RANGE_LOOP_ANALYSIS = YES;
				CLANG_WARN_STRICT_PROTOTYPES = YES;
				CLANG_WARN_SUSPICIOUS_MOVE = YES;
				CLANG_WARN_UNGUARDED_AVAILABILITY = YES_AGGRESSIVE;
				CLANG_WARN_UNREACHABLE_CODE = YES;
				CLANG_WARN__DUPLICATE_METHOD_MATCH = YES;
				COPY_PHASE_STRIP = NO;
				DEBUG_INFORMATION_FORMAT = dwarf;
				ENABLE_STRICT_OBJC_MSGSEND = YES;
				ENABLE_TESTABILITY = YES;
				GCC_C_LANGUAGE_STANDARD = gnu11;
				GCC_DYNAMIC_NO_PIC = NO;
				GCC_NO_COMMON_BLOCKS = YES;
				GCC_OPTIMIZATION_LEVEL = 0;
				GCC_PREPROCESSOR_DEFINITIONS = (
					"DEBUG=1",
					"$(inherited)",
				);
				GCC_WARN_64_TO_32_BIT_CONVERSION = YES;
				GCC_WARN_ABOUT_RETURN_TYPE = YES_ERROR;
				GCC_WARN_UNDECLARED_SELECTOR = YES;
				GCC_WARN_UNINITIALIZED_AUTOS = YES_AGGRESSIVE;
				GCC_WARN_UNUSED_FUNCTION = YES;
				GCC_WARN_UNUSED_VARIABLE = YES;
				IPHONEOS_DEPLOYMENT_TARGET = 14.4;
				MTL_ENABLE_DEBUG_INFO = INCLUDE_SOURCE;
				MTL_FAST_MATH = YES;
				ONLY_ACTIVE_ARCH = YES;
				SDKROOT = iphoneos;
				SWIFT_ACTIVE_COMPILATION_CONDITIONS = DEBUG;
				SWIFT_OPTIMIZATION_LEVEL = "-Onone";
			};
			name = Debug;
		};
		25C774DE26949B73000CBA78 /* Release */ = {
			isa = XCBuildConfiguration;
			buildSettings = {
				ALWAYS_SEARCH_USER_PATHS = NO;
				CLANG_ANALYZER_NONNULL = YES;
				CLANG_ANALYZER_NUMBER_OBJECT_CONVERSION = YES_AGGRESSIVE;
				CLANG_CXX_LANGUAGE_STANDARD = "gnu++14";
				CLANG_CXX_LIBRARY = "libc++";
				CLANG_ENABLE_MODULES = YES;
				CLANG_ENABLE_OBJC_ARC = YES;
				CLANG_ENABLE_OBJC_WEAK = YES;
				CLANG_WARN_BLOCK_CAPTURE_AUTORELEASING = YES;
				CLANG_WARN_BOOL_CONVERSION = YES;
				CLANG_WARN_COMMA = YES;
				CLANG_WARN_CONSTANT_CONVERSION = YES;
				CLANG_WARN_DEPRECATED_OBJC_IMPLEMENTATIONS = YES;
				CLANG_WARN_DIRECT_OBJC_ISA_USAGE = YES_ERROR;
				CLANG_WARN_DOCUMENTATION_COMMENTS = YES;
				CLANG_WARN_EMPTY_BODY = YES;
				CLANG_WARN_ENUM_CONVERSION = YES;
				CLANG_WARN_INFINITE_RECURSION = YES;
				CLANG_WARN_INT_CONVERSION = YES;
				CLANG_WARN_NON_LITERAL_NULL_CONVERSION = YES;
				CLANG_WARN_OBJC_IMPLICIT_RETAIN_SELF = YES;
				CLANG_WARN_OBJC_LITERAL_CONVERSION = YES;
				CLANG_WARN_OBJC_ROOT_CLASS = YES_ERROR;
				CLANG_WARN_QUOTED_INCLUDE_IN_FRAMEWORK_HEADER = YES;
				CLANG_WARN_RANGE_LOOP_ANALYSIS = YES;
				CLANG_WARN_STRICT_PROTOTYPES = YES;
				CLANG_WARN_SUSPICIOUS_MOVE = YES;
				CLANG_WARN_UNGUARDED_AVAILABILITY = YES_AGGRESSIVE;
				CLANG_WARN_UNREACHABLE_CODE = YES;
				CLANG_WARN__DUPLICATE_METHOD_MATCH = YES;
				COPY_PHASE_STRIP = NO;
				DEBUG_INFORMATION_FORMAT = "dwarf-with-dsym";
				ENABLE_NS_ASSERTIONS = NO;
				ENABLE_STRICT_OBJC_MSGSEND = YES;
				GCC_C_LANGUAGE_STANDARD = gnu11;
				GCC_NO_COMMON_BLOCKS = YES;
				GCC_WARN_64_TO_32_BIT_CONVERSION = YES;
				GCC_WARN_ABOUT_RETURN_TYPE = YES_ERROR;
				GCC_WARN_UNDECLARED_SELECTOR = YES;
				GCC_WARN_UNINITIALIZED_AUTOS = YES_AGGRESSIVE;
				GCC_WARN_UNUSED_FUNCTION = YES;
				GCC_WARN_UNUSED_VARIABLE = YES;
				IPHONEOS_DEPLOYMENT_TARGET = 14.4;
				MTL_ENABLE_DEBUG_INFO = NO;
				MTL_FAST_MATH = YES;
				SDKROOT = iphoneos;
				SWIFT_COMPILATION_MODE = wholemodule;
				SWIFT_OPTIMIZATION_LEVEL = "-O";
				VALIDATE_PRODUCT = YES;
			};
			name = Release;
		};
		25C774E026949B73000CBA78 /* Debug */ = {
			isa = XCBuildConfiguration;
			buildSettings = {
				ASSETCATALOG_COMPILER_APPICON_NAME = AppIcon;
				ASSETCATALOG_COMPILER_GLOBAL_ACCENT_COLOR_NAME = AccentColor;
				CODE_SIGN_STYLE = Automatic;
				DEVELOPMENT_TEAM = GAB63YR65T;
				INFOPLIST_FILE = MovieApp/Info.plist;
				LD_RUNPATH_SEARCH_PATHS = (
					"$(inherited)",
					"@executable_path/Frameworks",
				);
				PRODUCT_BUNDLE_IDENTIFIER = com.MovieApp;
				PRODUCT_NAME = "$(TARGET_NAME)";
				SWIFT_VERSION = 5.0;
				TARGETED_DEVICE_FAMILY = "1,2";
			};
			name = Debug;
		};
		25C774E126949B73000CBA78 /* Release */ = {
			isa = XCBuildConfiguration;
			buildSettings = {
				ASSETCATALOG_COMPILER_APPICON_NAME = AppIcon;
				ASSETCATALOG_COMPILER_GLOBAL_ACCENT_COLOR_NAME = AccentColor;
				CODE_SIGN_STYLE = Automatic;
				DEVELOPMENT_TEAM = GAB63YR65T;
				INFOPLIST_FILE = MovieApp/Info.plist;
				LD_RUNPATH_SEARCH_PATHS = (
					"$(inherited)",
					"@executable_path/Frameworks",
				);
				PRODUCT_BUNDLE_IDENTIFIER = com.MovieApp;
				PRODUCT_NAME = "$(TARGET_NAME)";
				SWIFT_VERSION = 5.0;
				TARGETED_DEVICE_FAMILY = "1,2";
			};
			name = Release;
		};
		25C774E326949B73000CBA78 /* Debug */ = {
			isa = XCBuildConfiguration;
			buildSettings = {
				ALWAYS_EMBED_SWIFT_STANDARD_LIBRARIES = YES;
				BUNDLE_LOADER = "$(TEST_HOST)";
				CODE_SIGN_STYLE = Automatic;
				DEVELOPMENT_TEAM = GAB63YR65T;
				INFOPLIST_FILE = MovieAppTests/Info.plist;
				IPHONEOS_DEPLOYMENT_TARGET = 14.4;
				LD_RUNPATH_SEARCH_PATHS = (
					"$(inherited)",
					"@executable_path/Frameworks",
					"@loader_path/Frameworks",
				);
				PRODUCT_BUNDLE_IDENTIFIER = com.MovieAppTests;
				PRODUCT_NAME = "$(TARGET_NAME)";
				SWIFT_VERSION = 5.0;
				TARGETED_DEVICE_FAMILY = "1,2";
				TEST_HOST = "$(BUILT_PRODUCTS_DIR)/MovieApp.app/MovieApp";
			};
			name = Debug;
		};
		25C774E426949B73000CBA78 /* Release */ = {
			isa = XCBuildConfiguration;
			buildSettings = {
				ALWAYS_EMBED_SWIFT_STANDARD_LIBRARIES = YES;
				BUNDLE_LOADER = "$(TEST_HOST)";
				CODE_SIGN_STYLE = Automatic;
				DEVELOPMENT_TEAM = GAB63YR65T;
				INFOPLIST_FILE = MovieAppTests/Info.plist;
				IPHONEOS_DEPLOYMENT_TARGET = 14.4;
				LD_RUNPATH_SEARCH_PATHS = (
					"$(inherited)",
					"@executable_path/Frameworks",
					"@loader_path/Frameworks",
				);
				PRODUCT_BUNDLE_IDENTIFIER = com.MovieAppTests;
				PRODUCT_NAME = "$(TARGET_NAME)";
				SWIFT_VERSION = 5.0;
				TARGETED_DEVICE_FAMILY = "1,2";
				TEST_HOST = "$(BUILT_PRODUCTS_DIR)/MovieApp.app/MovieApp";
			};
			name = Release;
		};
		25C774E626949B73000CBA78 /* Debug */ = {
			isa = XCBuildConfiguration;
			buildSettings = {
				ALWAYS_EMBED_SWIFT_STANDARD_LIBRARIES = YES;
				CODE_SIGN_STYLE = Automatic;
				DEVELOPMENT_TEAM = GAB63YR65T;
				INFOPLIST_FILE = MovieAppUITests/Info.plist;
				LD_RUNPATH_SEARCH_PATHS = (
					"$(inherited)",
					"@executable_path/Frameworks",
					"@loader_path/Frameworks",
				);
				PRODUCT_BUNDLE_IDENTIFIER = com.MovieAppUITests;
				PRODUCT_NAME = "$(TARGET_NAME)";
				SWIFT_VERSION = 5.0;
				TARGETED_DEVICE_FAMILY = "1,2";
				TEST_TARGET_NAME = MovieApp;
			};
			name = Debug;
		};
		25C774E726949B73000CBA78 /* Release */ = {
			isa = XCBuildConfiguration;
			buildSettings = {
				ALWAYS_EMBED_SWIFT_STANDARD_LIBRARIES = YES;
				CODE_SIGN_STYLE = Automatic;
				DEVELOPMENT_TEAM = GAB63YR65T;
				INFOPLIST_FILE = MovieAppUITests/Info.plist;
				LD_RUNPATH_SEARCH_PATHS = (
					"$(inherited)",
					"@executable_path/Frameworks",
					"@loader_path/Frameworks",
				);
				PRODUCT_BUNDLE_IDENTIFIER = com.MovieAppUITests;
				PRODUCT_NAME = "$(TARGET_NAME)";
				SWIFT_VERSION = 5.0;
				TARGETED_DEVICE_FAMILY = "1,2";
				TEST_TARGET_NAME = MovieApp;
			};
			name = Release;
		};
/* End XCBuildConfiguration section */

/* Begin XCConfigurationList section */
		25C774B026949B6E000CBA78 /* Build configuration list for PBXProject "MovieApp" */ = {
			isa = XCConfigurationList;
			buildConfigurations = (
				25C774DD26949B73000CBA78 /* Debug */,
				25C774DE26949B73000CBA78 /* Release */,
			);
			defaultConfigurationIsVisible = 0;
			defaultConfigurationName = Release;
		};
		25C774DF26949B73000CBA78 /* Build configuration list for PBXNativeTarget "MovieApp" */ = {
			isa = XCConfigurationList;
			buildConfigurations = (
				25C774E026949B73000CBA78 /* Debug */,
				25C774E126949B73000CBA78 /* Release */,
			);
			defaultConfigurationIsVisible = 0;
			defaultConfigurationName = Release;
		};
		25C774E226949B73000CBA78 /* Build configuration list for PBXNativeTarget "MovieAppTests" */ = {
			isa = XCConfigurationList;
			buildConfigurations = (
				25C774E326949B73000CBA78 /* Debug */,
				25C774E426949B73000CBA78 /* Release */,
			);
			defaultConfigurationIsVisible = 0;
			defaultConfigurationName = Release;
		};
		25C774E526949B73000CBA78 /* Build configuration list for PBXNativeTarget "MovieAppUITests" */ = {
			isa = XCConfigurationList;
			buildConfigurations = (
				25C774E626949B73000CBA78 /* Debug */,
				25C774E726949B73000CBA78 /* Release */,
			);
			defaultConfigurationIsVisible = 0;
			defaultConfigurationName = Release;
		};
/* End XCConfigurationList section */
	};
	rootObject = 25C774AD26949B6E000CBA78 /* Project object */;
}
